
Microsoft Visual Studio Solution File, Format Version 12.00
# Visual Studio Version 16
VisualStudioVersion = 16.0.30503.244
MinimumVisualStudioVersion = 10.0.40219.1
Project("{FAE04EC0-301F-11D3-BF4B-00C04F79EFBC}") = "VirusCargoFix", "VirusCargoFix\VirusCargoFix.csproj", "{D9140974-D2F9-48A6-A531-2ACEB643E9F1}"
EndProject
Global
	GlobalSection(SolutionConfigurationPlatforms) = preSolution
		Debug|Any CPU = Debug|Any CPU
		Release|Any CPU = Release|Any CPU
	EndGlobalSection
	GlobalSection(ProjectConfigurationPlatforms) = postSolution
		{D9140974-D2F9-48A6-A531-2ACEB643E9F1}.Debug|Any CPU.ActiveCfg = Debug|Any CPU
		{D9140974-D2F9-48A6-A531-2ACEB643E9F1}.Debug|Any CPU.Build.0 = Debug|Any CPU
		{D9140974-D2F9-48A6-A531-2ACEB643E9F1}.Release|Any CPU.ActiveCfg = Release|Any CPU
		{D9140974-D2F9-48A6-A531-2ACEB643E9F1}.Release|Any CPU.Build.0 = Release|Any CPU
	EndGlobalSection
	GlobalSection(SolutionProperties) = preSolution
		HideSolutionNode = FALSE
	EndGlobalSection
	GlobalSection(ExtensibilityGlobals) = postSolution
		SolutionGuid = {6209BE8A-51D6-4FB9-9A28-40BEE83F8F53}
	EndGlobalSection
EndGlobal
